
Microsoft Visual Studio Solution File, Format Version 12.00
# Visual Studio Version 16
VisualStudioVersion = 16.0.29102.190
MinimumVisualStudioVersion = 10.0.40219.1
Project("{FAE04EC0-301F-11D3-BF4B-00C04F79EFBC}") = "Sentiment Analysis", "Sentiment Analysis\Sentiment Analysis.csproj", "{AFDA1DF7-6482-4A2D-9404-E6B50C476641}"
EndProject
Project("{9A19103F-16F7-4668-BE54-9A1E7A4F7556}") = "Sentiment AnalysisML.Model", "Sentiment AnalysisML.Model\Sentiment AnalysisML.Model.csproj", "{91BFB0DF-E3BD-4E81-9BC2-A25D4DAE5C1F}"
EndProject
Project("{9A19103F-16F7-4668-BE54-9A1E7A4F7556}") = "Sentiment AnalysisML.ConsoleApp", "Sentiment AnalysisML.ConsoleApp\Sentiment AnalysisML.ConsoleApp.csproj", "{A0B4D255-4EB1-493E-8B54-D72A98C60F99}"
EndProject
Global
	GlobalSection(SolutionConfigurationPlatforms) = preSolution
		Debug|Any CPU = Debug|Any CPU
		Release|Any CPU = Release|Any CPU
	EndGlobalSection
	GlobalSection(ProjectConfigurationPlatforms) = postSolution
		{AFDA1DF7-6482-4A2D-9404-E6B50C476641}.Debug|Any CPU.ActiveCfg = Debug|Any CPU
		{AFDA1DF7-6482-4A2D-9404-E6B50C476641}.Debug|Any CPU.Build.0 = Debug|Any CPU
		{AFDA1DF7-6482-4A2D-9404-E6B50C476641}.Release|Any CPU.ActiveCfg = Release|Any CPU
		{AFDA1DF7-6482-4A2D-9404-E6B50C476641}.Release|Any CPU.Build.0 = Release|Any CPU
		{91BFB0DF-E3BD-4E81-9BC2-A25D4DAE5C1F}.Debug|Any CPU.ActiveCfg = Debug|Any CPU
		{91BFB0DF-E3BD-4E81-9BC2-A25D4DAE5C1F}.Debug|Any CPU.Build.0 = Debug|Any CPU
		{91BFB0DF-E3BD-4E81-9BC2-A25D4DAE5C1F}.Release|Any CPU.ActiveCfg = Release|Any CPU
		{91BFB0DF-E3BD-4E81-9BC2-A25D4DAE5C1F}.Release|Any CPU.Build.0 = Release|Any CPU
		{A0B4D255-4EB1-493E-8B54-D72A98C60F99}.Debug|Any CPU.ActiveCfg = Debug|Any CPU
		{A0B4D255-4EB1-493E-8B54-D72A98C60F99}.Debug|Any CPU.Build.0 = Debug|Any CPU
		{A0B4D255-4EB1-493E-8B54-D72A98C60F99}.Release|Any CPU.ActiveCfg = Release|Any CPU
		{A0B4D255-4EB1-493E-8B54-D72A98C60F99}.Release|Any CPU.Build.0 = Release|Any CPU
	EndGlobalSection
	GlobalSection(SolutionProperties) = preSolution
		HideSolutionNode = FALSE
	EndGlobalSection
	GlobalSection(ExtensibilityGlobals) = postSolution
		SolutionGuid = {7C0EFC80-2690-4649-A7C1-584D5AF27D48}
	EndGlobalSection
EndGlobal
